{
  "object": {
    "pins": [
      {
        "package": "SimpleChart",
        "repositoryURL": "git@github.com:ImpostersLimited/SimpleChart.git",
        "state": {
          "branch": null,
          "revision": "2cf38825a4af3d3bef47185a2872ab1f0851cef6",
          "version": "1.0.2"
        }
      }
    ]
  },
  "version": 1
}
