// !$*UTF8*$!
{
	archiveVersion = 1;
	classes = {
	};
	objectVersion = 55;
	objects = {

/* Begin PBXBuildFile section */
		B822106827BAD26500055A58 /* PairedInfoView.swift in Sources */ = {isa = PBXBuildFile; fileRef = B822106727BAD26500055A58 /* PairedInfoView.swift */; };
		B822106A27BAD9FE00055A58 /* BatteryLevelIndicator.swift in Sources */ = {isa = PBXBuildFile; fileRef = B822106927BAD9FE00055A58 /* BatteryLevelIndicator.swift */; };
		B822106E27BADEEF00055A58 /* EEGQuality.swift in Sources */ = {isa = PBXBuildFile; fileRef = B822106D27BADEEF00055A58 /* EEGQuality.swift */; };
		B822107027BADF7300055A58 /* EEGQualityIndicator.swift in Sources */ = {isa = PBXBuildFile; fileRef = B822106F27BADF7300055A58 /* EEGQualityIndicator.swift */; };
		B822107227BAE16D00055A58 /* HeartRateQualityIndicator.swift in Sources */ = {isa = PBXBuildFile; fileRef = B822107127BAE16D00055A58 /* HeartRateQualityIndicator.swift */; };
		B822ACF927E77CCC00B6CB6A /* HealthKit.framework in Frameworks */ = {isa = PBXBuildFile; fileRef = B822ACF827E77CCB00B6CB6A /* HealthKit.framework */; };
		B83BC62A2803C442006E1230 /* MyDeviceDetailView.swift in Sources */ = {isa = PBXBuildFile; fileRef = B83BC6292803C442006E1230 /* MyDeviceDetailView.swift */; };
		B83BC62C2803D066006E1230 /* CreditView.swift in Sources */ = {isa = PBXBuildFile; fileRef = B83BC62B2803D066006E1230 /* CreditView.swift */; };
		B83BC62E2803D738006E1230 /* LiveDebugView.swift in Sources */ = {isa = PBXBuildFile; fileRef = B83BC62D2803D738006E1230 /* LiveDebugView.swift */; };
		B848015B2746DBDD00B66439 /* RemyApp.swift in Sources */ = {isa = PBXBuildFile; fileRef = B848015A2746DBDD00B66439 /* RemyApp.swift */; };
		B848015F2746DBDE00B66439 /* Assets.xcassets in Resources */ = {isa = PBXBuildFile; fileRef = B848015E2746DBDE00B66439 /* Assets.xcassets */; };
		B84801622746DBDE00B66439 /* Preview Assets.xcassets in Resources */ = {isa = PBXBuildFile; fileRef = B84801612746DBDE00B66439 /* Preview Assets.xcassets */; };
		B84801642746DBDE00B66439 /* Persistence.swift in Sources */ = {isa = PBXBuildFile; fileRef = B84801632746DBDE00B66439 /* Persistence.swift */; };
		B84801672746DBDE00B66439 /* Remy.xcdatamodeld in Sources */ = {isa = PBXBuildFile; fileRef = B84801652746DBDE00B66439 /* Remy.xcdatamodeld */; };
		B84801712746DBDE00B66439 /* RemyTests.swift in Sources */ = {isa = PBXBuildFile; fileRef = B84801702746DBDE00B66439 /* RemyTests.swift */; };
		B848017B2746DBDE00B66439 /* RemyUITests.swift in Sources */ = {isa = PBXBuildFile; fileRef = B848017A2746DBDE00B66439 /* RemyUITests.swift */; };
		B848017D2746DBDE00B66439 /* RemyUITestsLaunchTests.swift in Sources */ = {isa = PBXBuildFile; fileRef = B848017C2746DBDE00B66439 /* RemyUITestsLaunchTests.swift */; };
		B8481B2827A06A280024683C /* SleepSnapShot.swift in Sources */ = {isa = PBXBuildFile; fileRef = B8481B2727A06A280024683C /* SleepSnapShot.swift */; };
		B84A0F4327A19B2E007D2DDE /* ApplicationState.swift in Sources */ = {isa = PBXBuildFile; fileRef = B84A0F4227A19B2E007D2DDE /* ApplicationState.swift */; };
		B8731675278CAADF00163E33 /* SessionStore.swift in Sources */ = {isa = PBXBuildFile; fileRef = B8731674278CAADF00163E33 /* SessionStore.swift */; };
		B887458B27A0D8D300032DC3 /* Colors.xcassets in Resources */ = {isa = PBXBuildFile; fileRef = B887458A27A0D8D300032DC3 /* Colors.xcassets */; };
		B887458D27A0DA8E00032DC3 /* ColorManager.swift in Sources */ = {isa = PBXBuildFile; fileRef = B887458C27A0DA8E00032DC3 /* ColorManager.swift */; };
		B88D929927B95E4B00D02791 /* SleepRecordView.swift in Sources */ = {isa = PBXBuildFile; fileRef = B88D929827B95E4B00D02791 /* SleepRecordView.swift */; };
		B8C4171127BBED8700B19C3B /* O2QualityIndicator.swift in Sources */ = {isa = PBXBuildFile; fileRef = B8C4171027BBED8700B19C3B /* O2QualityIndicator.swift */; };
		B8C4C46127FDF79600DE028F /* Helpers.swift in Sources */ = {isa = PBXBuildFile; fileRef = B8C4C46027FDF79600DE028F /* Helpers.swift */; };
		B8C603C5279EEC6800F0869D /* BLEManager.swift in Sources */ = {isa = PBXBuildFile; fileRef = B8C603C4279EEC6800F0869D /* BLEManager.swift */; };
		B8D44A43277EC8A400EA7A2A /* SleepSession.swift in Sources */ = {isa = PBXBuildFile; fileRef = B8D44A42277EC8A400EA7A2A /* SleepSession.swift */; };
		B8D44A45277EC99E00EA7A2A /* Hypnogram.swift in Sources */ = {isa = PBXBuildFile; fileRef = B8D44A44277EC99D00EA7A2A /* Hypnogram.swift */; };
		B8D44A47277ECA6700EA7A2A /* SleepStage.swift in Sources */ = {isa = PBXBuildFile; fileRef = B8D44A46277ECA6700EA7A2A /* SleepStage.swift */; };
		B8D44A49277ECB9D00EA7A2A /* HypnogramSegment.swift in Sources */ = {isa = PBXBuildFile; fileRef = B8D44A48277ECB9C00EA7A2A /* HypnogramSegment.swift */; };
		B8D44A4F277EE29F00EA7A2A /* O2Panel.swift in Sources */ = {isa = PBXBuildFile; fileRef = B8D44A4E277EE29F00EA7A2A /* O2Panel.swift */; };
		B8D44A51277EE2AD00EA7A2A /* HeartRatePanel.swift in Sources */ = {isa = PBXBuildFile; fileRef = B8D44A50277EE2AD00EA7A2A /* HeartRatePanel.swift */; };
		B8D44A53277EE2BA00EA7A2A /* HypnogramView.swift in Sources */ = {isa = PBXBuildFile; fileRef = B8D44A52277EE2BA00EA7A2A /* HypnogramView.swift */; };
		B8D44A57277EE39A00EA7A2A /* TrendsView.swift in Sources */ = {isa = PBXBuildFile; fileRef = B8D44A56277EE39A00EA7A2A /* TrendsView.swift */; };
		B8D44A59277EE3A300EA7A2A /* DailyView.swift in Sources */ = {isa = PBXBuildFile; fileRef = B8D44A58277EE3A300EA7A2A /* DailyView.swift */; };
		B8D44A5B277EE3B500EA7A2A /* WelcomeView.swift in Sources */ = {isa = PBXBuildFile; fileRef = B8D44A5A277EE3B500EA7A2A /* WelcomeView.swift */; };
		B8D44A5D277EE3BD00EA7A2A /* PairingView.swift in Sources */ = {isa = PBXBuildFile; fileRef = B8D44A5C277EE3BD00EA7A2A /* PairingView.swift */; };
		B8D44A5F277EE3DF00EA7A2A /* AboutView.swift in Sources */ = {isa = PBXBuildFile; fileRef = B8D44A5E277EE3DF00EA7A2A /* AboutView.swift */; };
		B8D44A61277F8C1000EA7A2A /* SleepSummaryPanel.swift in Sources */ = {isa = PBXBuildFile; fileRef = B8D44A60277F8C1000EA7A2A /* SleepSummaryPanel.swift */; };
		B8D44A68277F934000EA7A2A /* HypnogramPlot.swift in Sources */ = {isa = PBXBuildFile; fileRef = B8D44A67277F934000EA7A2A /* HypnogramPlot.swift */; };
		B8D44A92277F9E4600EA7A2A /* SimpleChart in Frameworks */ = {isa = PBXBuildFile; productRef = B8D44A91277F9E4600EA7A2A /* SimpleChart */; };
		B8D44A94277FE23400EA7A2A /* BottomToolbar.swift in Sources */ = {isa = PBXBuildFile; fileRef = B8D44A93277FE23400EA7A2A /* BottomToolbar.swift */; };
		B8D5EC2127BC214A00968F86 /* PreSleepQuestionnaireView.swift in Sources */ = {isa = PBXBuildFile; fileRef = B8D5EC2027BC214A00968F86 /* PreSleepQuestionnaireView.swift */; };
		B8D5EC2327BC2C3300968F86 /* SliderQuestionnaire.swift in Sources */ = {isa = PBXBuildFile; fileRef = B8D5EC2227BC2C3200968F86 /* SliderQuestionnaire.swift */; };
		B8FD0B31278DB42D001EE039 /* SampleSleepSession.json in Resources */ = {isa = PBXBuildFile; fileRef = B8FD0B30278DB42D001EE039 /* SampleSleepSession.json */; };
		B8FD0B33278DF2F0001EE039 /* Vitals.swift in Sources */ = {isa = PBXBuildFile; fileRef = B8FD0B32278DF2F0001EE039 /* Vitals.swift */; };
/* End PBXBuildFile section */

/* Begin PBXContainerItemProxy section */
		B848016D2746DBDE00B66439 /* PBXContainerItemProxy */ = {
			isa = PBXContainerItemProxy;
			containerPortal = B848014F2746DBDD00B66439 /* Project object */;
			proxyType = 1;
			remoteGlobalIDString = B84801562746DBDD00B66439;
			remoteInfo = Remy;
		};
		B84801772746DBDE00B66439 /* PBXContainerItemProxy */ = {
			isa = PBXContainerItemProxy;
			containerPortal = B848014F2746DBDD00B66439 /* Project object */;
			proxyType = 1;
			remoteGlobalIDString = B84801562746DBDD00B66439;
			remoteInfo = Remy;
		};
/* End PBXContainerItemProxy section */

/* Begin PBXFileReference section */
		B822106727BAD26500055A58 /* PairedInfoView.swift */ = {isa = PBXFileReference; lastKnownFileType = sourcecode.swift; path = PairedInfoView.swift; sourceTree = "<group>"; };
		B822106927BAD9FE00055A58 /* BatteryLevelIndicator.swift */ = {isa = PBXFileReference; lastKnownFileType = sourcecode.swift; path = BatteryLevelIndicator.swift; sourceTree = "<group>"; };
		B822106D27BADEEF00055A58 /* EEGQuality.swift */ = {isa = PBXFileReference; lastKnownFileType = sourcecode.swift; path = EEGQuality.swift; sourceTree = "<group>"; };
		B822106F27BADF7300055A58 /* EEGQualityIndicator.swift */ = {isa = PBXFileReference; lastKnownFileType = sourcecode.swift; path = EEGQualityIndicator.swift; sourceTree = "<group>"; };
		B822107127BAE16D00055A58 /* HeartRateQualityIndicator.swift */ = {isa = PBXFileReference; lastKnownFileType = sourcecode.swift; path = HeartRateQualityIndicator.swift; sourceTree = "<group>"; };
		B822ACF327E7740500B6CB6A /* Info.plist */ = {isa = PBXFileReference; lastKnownFileType = text.plist; path = Info.plist; sourceTree = "<group>"; };
		B822ACF627E77CCB00B6CB6A /* Remy.entitlements */ = {isa = PBXFileReference; lastKnownFileType = text.plist.entitlements; path = Remy.entitlements; sourceTree = "<group>"; };
		B822ACF827E77CCB00B6CB6A /* HealthKit.framework */ = {isa = PBXFileReference; lastKnownFileType = wrapper.framework; name = HealthKit.framework; path = System/Library/Frameworks/HealthKit.framework; sourceTree = SDKROOT; };
		B83BC6292803C442006E1230 /* MyDeviceDetailView.swift */ = {isa = PBXFileReference; lastKnownFileType = sourcecode.swift; path = MyDeviceDetailView.swift; sourceTree = "<group>"; };
		B83BC62B2803D066006E1230 /* CreditView.swift */ = {isa = PBXFileReference; lastKnownFileType = sourcecode.swift; path = CreditView.swift; sourceTree = "<group>"; };
		B83BC62D2803D738006E1230 /* LiveDebugView.swift */ = {isa = PBXFileReference; lastKnownFileType = sourcecode.swift; path = LiveDebugView.swift; sourceTree = "<group>"; };
		B84801572746DBDD00B66439 /* Remy.app */ = {isa = PBXFileReference; explicitFileType = wrapper.application; includeInIndex = 0; path = Remy.app; sourceTree = BUILT_PRODUCTS_DIR; };
		B848015A2746DBDD00B66439 /* RemyApp.swift */ = {isa = PBXFileReference; lastKnownFileType = sourcecode.swift; path = RemyApp.swift; sourceTree = "<group>"; };
		B848015E2746DBDE00B66439 /* Assets.xcassets */ = {isa = PBXFileReference; lastKnownFileType = folder.assetcatalog; path = Assets.xcassets; sourceTree = "<group>"; };
		B84801612746DBDE00B66439 /* Preview Assets.xcassets */ = {isa = PBXFileReference; lastKnownFileType = folder.assetcatalog; path = "Preview Assets.xcassets"; sourceTree = "<group>"; };
		B84801632746DBDE00B66439 /* Persistence.swift */ = {isa = PBXFileReference; lastKnownFileType = sourcecode.swift; path = Persistence.swift; sourceTree = "<group>"; };
		B84801662746DBDE00B66439 /* Remy.xcdatamodel */ = {isa = PBXFileReference; lastKnownFileType = wrapper.xcdatamodel; path = Remy.xcdatamodel; sourceTree = "<group>"; };
		B848016C2746DBDE00B66439 /* RemyTests.xctest */ = {isa = PBXFileReference; explicitFileType = wrapper.cfbundle; includeInIndex = 0; path = RemyTests.xctest; sourceTree = BUILT_PRODUCTS_DIR; };
		B84801702746DBDE00B66439 /* RemyTests.swift */ = {isa = PBXFileReference; lastKnownFileType = sourcecode.swift; path = RemyTests.swift; sourceTree = "<group>"; };
		B84801762746DBDE00B66439 /* RemyUITests.xctest */ = {isa = PBXFileReference; explicitFileType = wrapper.cfbundle; includeInIndex = 0; path = RemyUITests.xctest; sourceTree = BUILT_PRODUCTS_DIR; };
		B848017A2746DBDE00B66439 /* RemyUITests.swift */ = {isa = PBXFileReference; lastKnownFileType = sourcecode.swift; path = RemyUITests.swift; sourceTree = "<group>"; };
		B848017C2746DBDE00B66439 /* RemyUITestsLaunchTests.swift */ = {isa = PBXFileReference; lastKnownFileType = sourcecode.swift; path = RemyUITestsLaunchTests.swift; sourceTree = "<group>"; };
		B8481B2727A06A280024683C /* SleepSnapShot.swift */ = {isa = PBXFileReference; lastKnownFileType = sourcecode.swift; path = SleepSnapShot.swift; sourceTree = "<group>"; };
		B84A0F4227A19B2E007D2DDE /* ApplicationState.swift */ = {isa = PBXFileReference; lastKnownFileType = sourcecode.swift; path = ApplicationState.swift; sourceTree = "<group>"; };
		B8731674278CAADF00163E33 /* SessionStore.swift */ = {isa = PBXFileReference; lastKnownFileType = sourcecode.swift; path = SessionStore.swift; sourceTree = "<group>"; };
		B887458A27A0D8D300032DC3 /* Colors.xcassets */ = {isa = PBXFileReference; lastKnownFileType = folder.assetcatalog; path = Colors.xcassets; sourceTree = "<group>"; };
		B887458C27A0DA8E00032DC3 /* ColorManager.swift */ = {isa = PBXFileReference; lastKnownFileType = sourcecode.swift; path = ColorManager.swift; sourceTree = "<group>"; };
		B887458E27A0F49000032DC3 /* SimpleChart */ = {isa = PBXFileReference; lastKnownFileType = folder; name = SimpleChart; path = ../../SimpleChart; sourceTree = "<group>"; };
		B88D929827B95E4B00D02791 /* SleepRecordView.swift */ = {isa = PBXFileReference; lastKnownFileType = sourcecode.swift; path = SleepRecordView.swift; sourceTree = "<group>"; };
		B8C4171027BBED8700B19C3B /* O2QualityIndicator.swift */ = {isa = PBXFileReference; lastKnownFileType = sourcecode.swift; path = O2QualityIndicator.swift; sourceTree = "<group>"; };
		B8C4C46027FDF79600DE028F /* Helpers.swift */ = {isa = PBXFileReference; lastKnownFileType = sourcecode.swift; path = Helpers.swift; sourceTree = "<group>"; };
		B8C603C4279EEC6800F0869D /* BLEManager.swift */ = {isa = PBXFileReference; lastKnownFileType = sourcecode.swift; path = BLEManager.swift; sourceTree = "<group>"; };
		B8D44A42277EC8A400EA7A2A /* SleepSession.swift */ = {isa = PBXFileReference; lastKnownFileType = sourcecode.swift; path = SleepSession.swift; sourceTree = "<group>"; };
		B8D44A44277EC99D00EA7A2A /* Hypnogram.swift */ = {isa = PBXFileReference; lastKnownFileType = sourcecode.swift; path = Hypnogram.swift; sourceTree = "<group>"; };
		B8D44A46277ECA6700EA7A2A /* SleepStage.swift */ = {isa = PBXFileReference; lastKnownFileType = sourcecode.swift; path = SleepStage.swift; sourceTree = "<group>"; };
		B8D44A48277ECB9C00EA7A2A /* HypnogramSegment.swift */ = {isa = PBXFileReference; lastKnownFileType = sourcecode.swift; path = HypnogramSegment.swift; sourceTree = "<group>"; };
		B8D44A4E277EE29F00EA7A2A /* O2Panel.swift */ = {isa = PBXFileReference; lastKnownFileType = sourcecode.swift; path = O2Panel.swift; sourceTree = "<group>"; };
		B8D44A50277EE2AD00EA7A2A /* HeartRatePanel.swift */ = {isa = PBXFileReference; lastKnownFileType = sourcecode.swift; path = HeartRatePanel.swift; sourceTree = "<group>"; };
		B8D44A52277EE2BA00EA7A2A /* HypnogramView.swift */ = {isa = PBXFileReference; lastKnownFileType = sourcecode.swift; path = HypnogramView.swift; sourceTree = "<group>"; };
		B8D44A56277EE39A00EA7A2A /* TrendsView.swift */ = {isa = PBXFileReference; lastKnownFileType = sourcecode.swift; path = TrendsView.swift; sourceTree = "<group>"; };
		B8D44A58277EE3A300EA7A2A /* DailyView.swift */ = {isa = PBXFileReference; lastKnownFileType = sourcecode.swift; path = DailyView.swift; sourceTree = "<group>"; };
		B8D44A5A277EE3B500EA7A2A /* WelcomeView.swift */ = {isa = PBXFileReference; lastKnownFileType = sourcecode.swift; path = WelcomeView.swift; sourceTree = "<group>"; };
		B8D44A5C277EE3BD00EA7A2A /* PairingView.swift */ = {isa = PBXFileReference; lastKnownFileType = sourcecode.swift; path = PairingView.swift; sourceTree = "<group>"; };
		B8D44A5E277EE3DF00EA7A2A /* AboutView.swift */ = {isa = PBXFileReference; lastKnownFileType = sourcecode.swift; path = AboutView.swift; sourceTree = "<group>"; };
		B8D44A60277F8C1000EA7A2A /* SleepSummaryPanel.swift */ = {isa = PBXFileReference; lastKnownFileType = sourcecode.swift; path = SleepSummaryPanel.swift; sourceTree = "<group>"; };
		B8D44A67277F934000EA7A2A /* HypnogramPlot.swift */ = {isa = PBXFileReference; lastKnownFileType = sourcecode.swift; path = HypnogramPlot.swift; sourceTree = "<group>"; };
		B8D44A93277FE23400EA7A2A /* BottomToolbar.swift */ = {isa = PBXFileReference; lastKnownFileType = sourcecode.swift; path = BottomToolbar.swift; sourceTree = "<group>"; };
		B8D5EC2027BC214A00968F86 /* PreSleepQuestionnaireView.swift */ = {isa = PBXFileReference; lastKnownFileType = sourcecode.swift; path = PreSleepQuestionnaireView.swift; sourceTree = "<group>"; };
		B8D5EC2227BC2C3200968F86 /* SliderQuestionnaire.swift */ = {isa = PBXFileReference; lastKnownFileType = sourcecode.swift; path = SliderQuestionnaire.swift; sourceTree = "<group>"; };
		B8FD0B30278DB42D001EE039 /* SampleSleepSession.json */ = {isa = PBXFileReference; fileEncoding = 4; lastKnownFileType = text.json; path = SampleSleepSession.json; sourceTree = "<group>"; };
		B8FD0B32278DF2F0001EE039 /* Vitals.swift */ = {isa = PBXFileReference; lastKnownFileType = sourcecode.swift; path = Vitals.swift; sourceTree = "<group>"; };
/* End PBXFileReference section */

/* Begin PBXFrameworksBuildPhase section */
		B84801542746DBDD00B66439 /* Frameworks */ = {
			isa = PBXFrameworksBuildPhase;
			buildActionMask = 2147483647;
			files = (
				B8D44A92277F9E4600EA7A2A /* SimpleChart in Frameworks */,
				B822ACF927E77CCC00B6CB6A /* HealthKit.framework in Frameworks */,
			);
			runOnlyForDeploymentPostprocessing = 0;
		};
		B84801692746DBDE00B66439 /* Frameworks */ = {
			isa = PBXFrameworksBuildPhase;
			buildActionMask = 2147483647;
			files = (
			);
			runOnlyForDeploymentPostprocessing = 0;
		};
		B84801732746DBDE00B66439 /* Frameworks */ = {
			isa = PBXFrameworksBuildPhase;
			buildActionMask = 2147483647;
			files = (
			);
			runOnlyForDeploymentPostprocessing = 0;
		};
/* End PBXFrameworksBuildPhase section */

/* Begin PBXGroup section */
		B822ACF727E77CCB00B6CB6A /* Frameworks */ = {
			isa = PBXGroup;
			children = (
				B822ACF827E77CCB00B6CB6A /* HealthKit.framework */,
			);
			name = Frameworks;
			sourceTree = "<group>";
		};
		B848014E2746DBDD00B66439 = {
			isa = PBXGroup;
			children = (
				B887458E27A0F49000032DC3 /* SimpleChart */,
				B8D44A62277F8FB600EA7A2A /* Packages */,
				B84801592746DBDD00B66439 /* Remy */,
				B848016F2746DBDE00B66439 /* RemyTests */,
				B84801792746DBDE00B66439 /* RemyUITests */,
				B84801582746DBDD00B66439 /* Products */,
				B822ACF727E77CCB00B6CB6A /* Frameworks */,
			);
			sourceTree = "<group>";
		};
		B84801582746DBDD00B66439 /* Products */ = {
			isa = PBXGroup;
			children = (
				B84801572746DBDD00B66439 /* Remy.app */,
				B848016C2746DBDE00B66439 /* RemyTests.xctest */,
				B84801762746DBDE00B66439 /* RemyUITests.xctest */,
			);
			name = Products;
			sourceTree = "<group>";
		};
		B84801592746DBDD00B66439 /* Remy */ = {
			isa = PBXGroup;
			children = (
				B822ACF627E77CCB00B6CB6A /* Remy.entitlements */,
				B822ACF327E7740500B6CB6A /* Info.plist */,
				B8D44A41277EC7A100EA7A2A /* Views */,
				B8D44A40277EC78B00EA7A2A /* Models */,
				B848015A2746DBDD00B66439 /* RemyApp.swift */,
				B8FD0B30278DB42D001EE039 /* SampleSleepSession.json */,
				B887458A27A0D8D300032DC3 /* Colors.xcassets */,
				B848015E2746DBDE00B66439 /* Assets.xcassets */,
				B84801632746DBDE00B66439 /* Persistence.swift */,
				B84801652746DBDE00B66439 /* Remy.xcdatamodeld */,
				B84801602746DBDE00B66439 /* Preview Content */,
			);
			path = Remy;
			sourceTree = "<group>";
		};
		B84801602746DBDE00B66439 /* Preview Content */ = {
			isa = PBXGroup;
			children = (
				B84801612746DBDE00B66439 /* Preview Assets.xcassets */,
			);
			path = "Preview Content";
			sourceTree = "<group>";
		};
		B848016F2746DBDE00B66439 /* RemyTests */ = {
			isa = PBXGroup;
			children = (
				B84801702746DBDE00B66439 /* RemyTests.swift */,
			);
			path = RemyTests;
			sourceTree = "<group>";
		};
		B84801792746DBDE00B66439 /* RemyUITests */ = {
			isa = PBXGroup;
			children = (
				B848017A2746DBDE00B66439 /* RemyUITests.swift */,
				B848017C2746DBDE00B66439 /* RemyUITestsLaunchTests.swift */,
			);
			path = RemyUITests;
			sourceTree = "<group>";
		};
		B8D44A40277EC78B00EA7A2A /* Models */ = {
			isa = PBXGroup;
			children = (
				B8D44A42277EC8A400EA7A2A /* SleepSession.swift */,
				B8D44A44277EC99D00EA7A2A /* Hypnogram.swift */,
				B8D44A46277ECA6700EA7A2A /* SleepStage.swift */,
				B8D44A48277ECB9C00EA7A2A /* HypnogramSegment.swift */,
				B8731674278CAADF00163E33 /* SessionStore.swift */,
				B8FD0B32278DF2F0001EE039 /* Vitals.swift */,
				B8481B2727A06A280024683C /* SleepSnapShot.swift */,
				B8C603C4279EEC6800F0869D /* BLEManager.swift */,
				B887458C27A0DA8E00032DC3 /* ColorManager.swift */,
				B84A0F4227A19B2E007D2DDE /* ApplicationState.swift */,
				B822106D27BADEEF00055A58 /* EEGQuality.swift */,
				B8C4C46027FDF79600DE028F /* Helpers.swift */,
			);
			path = Models;
			sourceTree = "<group>";
		};
		B8D44A41277EC7A100EA7A2A /* Views */ = {
			isa = PBXGroup;
			children = (
				B8D44A4E277EE29F00EA7A2A /* O2Panel.swift */,
				B8D44A50277EE2AD00EA7A2A /* HeartRatePanel.swift */,
				B8D44A52277EE2BA00EA7A2A /* HypnogramView.swift */,
				B8D44A67277F934000EA7A2A /* HypnogramPlot.swift */,
				B8D44A56277EE39A00EA7A2A /* TrendsView.swift */,
				B8D44A58277EE3A300EA7A2A /* DailyView.swift */,
				B8D44A5A277EE3B500EA7A2A /* WelcomeView.swift */,
				B8D44A5C277EE3BD00EA7A2A /* PairingView.swift */,
				B822106727BAD26500055A58 /* PairedInfoView.swift */,
				B88D929827B95E4B00D02791 /* SleepRecordView.swift */,
				B8D44A5E277EE3DF00EA7A2A /* AboutView.swift */,
				B8D44A60277F8C1000EA7A2A /* SleepSummaryPanel.swift */,
				B8D44A93277FE23400EA7A2A /* BottomToolbar.swift */,
				B822106927BAD9FE00055A58 /* BatteryLevelIndicator.swift */,
				B822106F27BADF7300055A58 /* EEGQualityIndicator.swift */,
				B822107127BAE16D00055A58 /* HeartRateQualityIndicator.swift */,
				B8C4171027BBED8700B19C3B /* O2QualityIndicator.swift */,
				B8D5EC2027BC214A00968F86 /* PreSleepQuestionnaireView.swift */,
				B8D5EC2227BC2C3200968F86 /* SliderQuestionnaire.swift */,
				B83BC6292803C442006E1230 /* MyDeviceDetailView.swift */,
				B83BC62B2803D066006E1230 /* CreditView.swift */,
				B83BC62D2803D738006E1230 /* LiveDebugView.swift */,
			);
			path = Views;
			sourceTree = "<group>";
		};
		B8D44A62277F8FB600EA7A2A /* Packages */ = {
			isa = PBXGroup;
			children = (
			);
			name = Packages;
			sourceTree = "<group>";
		};
/* End PBXGroup section */

/* Begin PBXNativeTarget section */
		B84801562746DBDD00B66439 /* Remy */ = {
			isa = PBXNativeTarget;
			buildConfigurationList = B84801802746DBDE00B66439 /* Build configuration list for PBXNativeTarget "Remy" */;
			buildPhases = (
				B84801532746DBDD00B66439 /* Sources */,
				B84801542746DBDD00B66439 /* Frameworks */,
				B84801552746DBDD00B66439 /* Resources */,
			);
			buildRules = (
			);
			dependencies = (
			);
			name = Remy;
			packageProductDependencies = (
				B8D44A91277F9E4600EA7A2A /* SimpleChart */,
			);
			productName = Remy;
			productReference = B84801572746DBDD00B66439 /* Remy.app */;
			productType = "com.apple.product-type.application";
		};
		B848016B2746DBDE00B66439 /* RemyTests */ = {
			isa = PBXNativeTarget;
			buildConfigurationList = B84801832746DBDE00B66439 /* Build configuration list for PBXNativeTarget "RemyTests" */;
			buildPhases = (
				B84801682746DBDE00B66439 /* Sources */,
				B84801692746DBDE00B66439 /* Frameworks */,
				B848016A2746DBDE00B66439 /* Resources */,
			);
			buildRules = (
			);
			dependencies = (
				B848016E2746DBDE00B66439 /* PBXTargetDependency */,
			);
			name = RemyTests;
			productName = RemyTests;
			productReference = B848016C2746DBDE00B66439 /* RemyTests.xctest */;
			productType = "com.apple.product-type.bundle.unit-test";
		};
		B84801752746DBDE00B66439 /* RemyUITests */ = {
			isa = PBXNativeTarget;
			buildConfigurationList = B84801862746DBDE00B66439 /* Build configuration list for PBXNativeTarget "RemyUITests" */;
			buildPhases = (
				B84801722746DBDE00B66439 /* Sources */,
				B84801732746DBDE00B66439 /* Frameworks */,
				B84801742746DBDE00B66439 /* Resources */,
			);
			buildRules = (
			);
			dependencies = (
				B84801782746DBDE00B66439 /* PBXTargetDependency */,
			);
			name = RemyUITests;
			productName = RemyUITests;
			productReference = B84801762746DBDE00B66439 /* RemyUITests.xctest */;
			productType = "com.apple.product-type.bundle.ui-testing";
		};
/* End PBXNativeTarget section */

/* Begin PBXProject section */
		B848014F2746DBDD00B66439 /* Project object */ = {
			isa = PBXProject;
			attributes = {
				BuildIndependentTargetsInParallel = 1;
				LastSwiftUpdateCheck = 1310;
				LastUpgradeCheck = 1310;
				TargetAttributes = {
					B84801562746DBDD00B66439 = {
						CreatedOnToolsVersion = 13.1;
					};
					B848016B2746DBDE00B66439 = {
						CreatedOnToolsVersion = 13.1;
						TestTargetID = B84801562746DBDD00B66439;
					};
					B84801752746DBDE00B66439 = {
						CreatedOnToolsVersion = 13.1;
						TestTargetID = B84801562746DBDD00B66439;
					};
				};
			};
			buildConfigurationList = B84801522746DBDD00B66439 /* Build configuration list for PBXProject "Remy" */;
			compatibilityVersion = "Xcode 13.0";
			developmentRegion = en;
			hasScannedForEncodings = 0;
			knownRegions = (
				en,
				Base,
			);
			mainGroup = B848014E2746DBDD00B66439;
			packageReferences = (
				B8D44A90277F9E4600EA7A2A /* XCRemoteSwiftPackageReference "SimpleChart" */,
			);
			productRefGroup = B84801582746DBDD00B66439 /* Products */;
			projectDirPath = "";
			projectRoot = "";
			targets = (
				B84801562746DBDD00B66439 /* Remy */,
				B848016B2746DBDE00B66439 /* RemyTests */,
				B84801752746DBDE00B66439 /* RemyUITests */,
			);
		};
/* End PBXProject section */

/* Begin PBXResourcesBuildPhase section */
		B84801552746DBDD00B66439 /* Resources */ = {
			isa = PBXResourcesBuildPhase;
			buildActionMask = 2147483647;
			files = (
				B8FD0B31278DB42D001EE039 /* SampleSleepSession.json in Resources */,
				B887458B27A0D8D300032DC3 /* Colors.xcassets in Resources */,
				B84801622746DBDE00B66439 /* Preview Assets.xcassets in Resources */,
				B848015F2746DBDE00B66439 /* Assets.xcassets in Resources */,
			);
			runOnlyForDeploymentPostprocessing = 0;
		};
		B848016A2746DBDE00B66439 /* Resources */ = {
			isa = PBXResourcesBuildPhase;
			buildActionMask = 2147483647;
			files = (
			);
			runOnlyForDeploymentPostprocessing = 0;
		};
		B84801742746DBDE00B66439 /* Resources */ = {
			isa = PBXResourcesBuildPhase;
			buildActionMask = 2147483647;
			files = (
			);
			runOnlyForDeploymentPostprocessing = 0;
		};
/* End PBXResourcesBuildPhase section */

/* Begin PBXSourcesBuildPhase section */
		B84801532746DBDD00B66439 /* Sources */ = {
			isa = PBXSourcesBuildPhase;
			buildActionMask = 2147483647;
			files = (
				B8D44A4F277EE29F00EA7A2A /* O2Panel.swift in Sources */,
				B8C4171127BBED8700B19C3B /* O2QualityIndicator.swift in Sources */,
				B8D44A51277EE2AD00EA7A2A /* HeartRatePanel.swift in Sources */,
				B8D44A5F277EE3DF00EA7A2A /* AboutView.swift in Sources */,
				B84A0F4327A19B2E007D2DDE /* ApplicationState.swift in Sources */,
				B83BC62C2803D066006E1230 /* CreditView.swift in Sources */,
				B8D44A5B277EE3B500EA7A2A /* WelcomeView.swift in Sources */,
				B8D44A59277EE3A300EA7A2A /* DailyView.swift in Sources */,
				B88D929927B95E4B00D02791 /* SleepRecordView.swift in Sources */,
				B84801642746DBDE00B66439 /* Persistence.swift in Sources */,
				B8FD0B33278DF2F0001EE039 /* Vitals.swift in Sources */,
				B8D44A49277ECB9D00EA7A2A /* HypnogramSegment.swift in Sources */,
				B8D44A45277EC99E00EA7A2A /* Hypnogram.swift in Sources */,
				B8D44A68277F934000EA7A2A /* HypnogramPlot.swift in Sources */,
				B8D5EC2327BC2C3300968F86 /* SliderQuestionnaire.swift in Sources */,
				B83BC62A2803C442006E1230 /* MyDeviceDetailView.swift in Sources */,
				B8D44A47277ECA6700EA7A2A /* SleepStage.swift in Sources */,
				B8D44A43277EC8A400EA7A2A /* SleepSession.swift in Sources */,
				B8D44A5D277EE3BD00EA7A2A /* PairingView.swift in Sources */,
				B822107027BADF7300055A58 /* EEGQualityIndicator.swift in Sources */,
				B8D44A57277EE39A00EA7A2A /* TrendsView.swift in Sources */,
				B887458D27A0DA8E00032DC3 /* ColorManager.swift in Sources */,
				B822106E27BADEEF00055A58 /* EEGQuality.swift in Sources */,
				B84801672746DBDE00B66439 /* Remy.xcdatamodeld in Sources */,
				B83BC62E2803D738006E1230 /* LiveDebugView.swift in Sources */,
				B822106A27BAD9FE00055A58 /* BatteryLevelIndicator.swift in Sources */,
				B8481B2827A06A280024683C /* SleepSnapShot.swift in Sources */,
				B8731675278CAADF00163E33 /* SessionStore.swift in Sources */,
				B8C603C5279EEC6800F0869D /* BLEManager.swift in Sources */,
				B8D44A61277F8C1000EA7A2A /* SleepSummaryPanel.swift in Sources */,
				B8D44A53277EE2BA00EA7A2A /* HypnogramView.swift in Sources */,
				B8D44A94277FE23400EA7A2A /* BottomToolbar.swift in Sources */,
				B8C4C46127FDF79600DE028F /* Helpers.swift in Sources */,
				B8D5EC2127BC214A00968F86 /* PreSleepQuestionnaireView.swift in Sources */,
				B848015B2746DBDD00B66439 /* RemyApp.swift in Sources */,
				B822107227BAE16D00055A58 /* HeartRateQualityIndicator.swift in Sources */,
				B822106827BAD26500055A58 /* PairedInfoView.swift in Sources */,
			);
			runOnlyForDeploymentPostprocessing = 0;
		};
		B84801682746DBDE00B66439 /* Sources */ = {
			isa = PBXSourcesBuildPhase;
			buildActionMask = 2147483647;
			files = (
				B84801712746DBDE00B66439 /* RemyTests.swift in Sources */,
			);
			runOnlyForDeploymentPostprocessing = 0;
		};
		B84801722746DBDE00B66439 /* Sources */ = {
			isa = PBXSourcesBuildPhase;
			buildActionMask = 2147483647;
			files = (
				B848017B2746DBDE00B66439 /* RemyUITests.swift in Sources */,
				B848017D2746DBDE00B66439 /* RemyUITestsLaunchTests.swift in Sources */,
			);
			runOnlyForDeploymentPostprocessing = 0;
		};
/* End PBXSourcesBuildPhase section */

/* Begin PBXTargetDependency section */
		B848016E2746DBDE00B66439 /* PBXTargetDependency */ = {
			isa = PBXTargetDependency;
			target = B84801562746DBDD00B66439 /* Remy */;
			targetProxy = B848016D2746DBDE00B66439 /* PBXContainerItemProxy */;
		};
		B84801782746DBDE00B66439 /* PBXTargetDependency */ = {
			isa = PBXTargetDependency;
			target = B84801562746DBDD00B66439 /* Remy */;
			targetProxy = B84801772746DBDE00B66439 /* PBXContainerItemProxy */;
		};
/* End PBXTargetDependency section */

/* Begin XCBuildConfiguration section */
		B848017E2746DBDE00B66439 /* Debug */ = {
			isa = XCBuildConfiguration;
			buildSettings = {
				ALWAYS_SEARCH_USER_PATHS = NO;
				CLANG_ANALYZER_NONNULL = YES;
				CLANG_ANALYZER_NUMBER_OBJECT_CONVERSION = YES_AGGRESSIVE;
				CLANG_CXX_LANGUAGE_STANDARD = "gnu++17";
				CLANG_CXX_LIBRARY = "libc++";
				CLANG_ENABLE_MODULES = YES;
				CLANG_ENABLE_OBJC_ARC = YES;
				CLANG_ENABLE_OBJC_WEAK = YES;
				CLANG_WARN_BLOCK_CAPTURE_AUTORELEASING = YES;
				CLANG_WARN_BOOL_CONVERSION = YES;
				CLANG_WARN_COMMA = YES;
				CLANG_WARN_CONSTANT_CONVERSION = YES;
				CLANG_WARN_DEPRECATED_OBJC_IMPLEMENTATIONS = YES;
				CLANG_WARN_DIRECT_OBJC_ISA_USAGE = YES_ERROR;
				CLANG_WARN_DOCUMENTATION_COMMENTS = YES;
				CLANG_WARN_EMPTY_BODY = YES;
				CLANG_WARN_ENUM_CONVERSION = YES;
				CLANG_WARN_INFINITE_RECURSION = YES;
				CLANG_WARN_INT_CONVERSION = YES;
				CLANG_WARN_NON_LITERAL_NULL_CONVERSION = YES;
				CLANG_WARN_OBJC_IMPLICIT_RETAIN_SELF = YES;
				CLANG_WARN_OBJC_LITERAL_CONVERSION = YES;
				CLANG_WARN_OBJC_ROOT_CLASS = YES_ERROR;
				CLANG_WARN_QUOTED_INCLUDE_IN_FRAMEWORK_HEADER = YES;
				CLANG_WARN_RANGE_LOOP_ANALYSIS = YES;
				CLANG_WARN_STRICT_PROTOTYPES = YES;
				CLANG_WARN_SUSPICIOUS_MOVE = YES;
				CLANG_WARN_UNGUARDED_AVAILABILITY = YES_AGGRESSIVE;
				CLANG_WARN_UNREACHABLE_CODE = YES;
				CLANG_WARN__DUPLICATE_METHOD_MATCH = YES;
				COPY_PHASE_STRIP = NO;
				DEBUG_INFORMATION_FORMAT = dwarf;
				ENABLE_STRICT_OBJC_MSGSEND = YES;
				ENABLE_TESTABILITY = YES;
				GCC_C_LANGUAGE_STANDARD = gnu11;
				GCC_DYNAMIC_NO_PIC = NO;
				GCC_NO_COMMON_BLOCKS = YES;
				GCC_OPTIMIZATION_LEVEL = 0;
				GCC_PREPROCESSOR_DEFINITIONS = (
					"DEBUG=1",
					"$(inherited)",
				);
				GCC_WARN_64_TO_32_BIT_CONVERSION = YES;
				GCC_WARN_ABOUT_RETURN_TYPE = YES_ERROR;
				GCC_WARN_UNDECLARED_SELECTOR = YES;
				GCC_WARN_UNINITIALIZED_AUTOS = YES_AGGRESSIVE;
				GCC_WARN_UNUSED_FUNCTION = YES;
				GCC_WARN_UNUSED_VARIABLE = YES;
				IPHONEOS_DEPLOYMENT_TARGET = 15.0;
				MTL_ENABLE_DEBUG_INFO = INCLUDE_SOURCE;
				MTL_FAST_MATH = YES;
				ONLY_ACTIVE_ARCH = YES;
				SDKROOT = iphoneos;
				SWIFT_ACTIVE_COMPILATION_CONDITIONS = DEBUG;
				SWIFT_OPTIMIZATION_LEVEL = "-Onone";
			};
			name = Debug;
		};
		B848017F2746DBDE00B66439 /* Release */ = {
			isa = XCBuildConfiguration;
			buildSettings = {
				ALWAYS_SEARCH_USER_PATHS = NO;
				CLANG_ANALYZER_NONNULL = YES;
				CLANG_ANALYZER_NUMBER_OBJECT_CONVERSION = YES_AGGRESSIVE;
				CLANG_CXX_LANGUAGE_STANDARD = "gnu++17";
				CLANG_CXX_LIBRARY = "libc++";
				CLANG_ENABLE_MODULES = YES;
				CLANG_ENABLE_OBJC_ARC = YES;
				CLANG_ENABLE_OBJC_WEAK = YES;
				CLANG_WARN_BLOCK_CAPTURE_AUTORELEASING = YES;
				CLANG_WARN_BOOL_CONVERSION = YES;
				CLANG_WARN_COMMA = YES;
				CLANG_WARN_CONSTANT_CONVERSION = YES;
				CLANG_WARN_DEPRECATED_OBJC_IMPLEMENTATIONS = YES;
				CLANG_WARN_DIRECT_OBJC_ISA_USAGE = YES_ERROR;
				CLANG_WARN_DOCUMENTATION_COMMENTS = YES;
				CLANG_WARN_EMPTY_BODY = YES;
				CLANG_WARN_ENUM_CONVERSION = YES;
				CLANG_WARN_INFINITE_RECURSION = YES;
				CLANG_WARN_INT_CONVERSION = YES;
				CLANG_WARN_NON_LITERAL_NULL_CONVERSION = YES;
				CLANG_WARN_OBJC_IMPLICIT_RETAIN_SELF = YES;
				CLANG_WARN_OBJC_LITERAL_CONVERSION = YES;
				CLANG_WARN_OBJC_ROOT_CLASS = YES_ERROR;
				CLANG_WARN_QUOTED_INCLUDE_IN_FRAMEWORK_HEADER = YES;
				CLANG_WARN_RANGE_LOOP_ANALYSIS = YES;
				CLANG_WARN_STRICT_PROTOTYPES = YES;
				CLANG_WARN_SUSPICIOUS_MOVE = YES;
				CLANG_WARN_UNGUARDED_AVAILABILITY = YES_AGGRESSIVE;
				CLANG_WARN_UNREACHABLE_CODE = YES;
				CLANG_WARN__DUPLICATE_METHOD_MATCH = YES;
				COPY_PHASE_STRIP = NO;
				DEBUG_INFORMATION_FORMAT = "dwarf-with-dsym";
				ENABLE_NS_ASSERTIONS = NO;
				ENABLE_STRICT_OBJC_MSGSEND = YES;
				GCC_C_LANGUAGE_STANDARD = gnu11;
				GCC_NO_COMMON_BLOCKS = YES;
				GCC_WARN_64_TO_32_BIT_CONVERSION = YES;
				GCC_WARN_ABOUT_RETURN_TYPE = YES_ERROR;
				GCC_WARN_UNDECLARED_SELECTOR = YES;
				GCC_WARN_UNINITIALIZED_AUTOS = YES_AGGRESSIVE;
				GCC_WARN_UNUSED_FUNCTION = YES;
				GCC_WARN_UNUSED_VARIABLE = YES;
				IPHONEOS_DEPLOYMENT_TARGET = 15.0;
				MTL_ENABLE_DEBUG_INFO = NO;
				MTL_FAST_MATH = YES;
				SDKROOT = iphoneos;
				SWIFT_COMPILATION_MODE = wholemodule;
				SWIFT_OPTIMIZATION_LEVEL = "-O";
				VALIDATE_PRODUCT = YES;
			};
			name = Release;
		};
		B84801812746DBDE00B66439 /* Debug */ = {
			isa = XCBuildConfiguration;
			buildSettings = {
				ASSETCATALOG_COMPILER_APPICON_NAME = AppIcon;
				ASSETCATALOG_COMPILER_GLOBAL_ACCENT_COLOR_NAME = AccentColor;
				ASSETCATALOG_COMPILER_INCLUDE_ALL_APPICON_ASSETS = YES;
				CODE_SIGN_ENTITLEMENTS = Remy/Remy.entitlements;
				CODE_SIGN_STYLE = Automatic;
				CURRENT_PROJECT_VERSION = 1;
				DEVELOPMENT_ASSET_PATHS = "\"Remy/Preview Content\"";
				DEVELOPMENT_TEAM = Y483XQUDGK;
				ENABLE_PREVIEWS = YES;
				GENERATE_INFOPLIST_FILE = YES;
				INFOPLIST_FILE = Remy/Info.plist;
				INFOPLIST_KEY_NSBluetoothAlwaysUsageDescription = "This app uses Bluetooth for pairing peripheral devices";
				INFOPLIST_KEY_UIApplicationSceneManifest_Generation = YES;
				INFOPLIST_KEY_UIApplicationSupportsIndirectInputEvents = YES;
				INFOPLIST_KEY_UILaunchScreen_Generation = YES;
				INFOPLIST_KEY_UISupportedInterfaceOrientations = UIInterfaceOrientationPortrait;
				INFOPLIST_KEY_UISupportedInterfaceOrientations_iPad = "UIInterfaceOrientationPortrait UIInterfaceOrientationPortraitUpsideDown UIInterfaceOrientationLandscapeRight";
				INFOPLIST_KEY_UISupportedInterfaceOrientations_iPhone = UIInterfaceOrientationPortrait;
				LD_RUNPATH_SEARCH_PATHS = (
					"$(inherited)",
					"@executable_path/Frameworks",
				);
				MARKETING_VERSION = 0.0.1;
				PRODUCT_BUNDLE_IDENTIFIER = com.Peach.Remy;
				PRODUCT_NAME = "$(TARGET_NAME)";
				SWIFT_EMIT_LOC_STRINGS = YES;
				SWIFT_VERSION = 5.0;
				TARGETED_DEVICE_FAMILY = "1,2";
			};
			name = Debug;
		};
		B84801822746DBDE00B66439 /* Release */ = {
			isa = XCBuildConfiguration;
			buildSettings = {
				ASSETCATALOG_COMPILER_APPICON_NAME = AppIcon;
				ASSETCATALOG_COMPILER_GLOBAL_ACCENT_COLOR_NAME = AccentColor;
				ASSETCATALOG_COMPILER_INCLUDE_ALL_APPICON_ASSETS = YES;
				CODE_SIGN_ENTITLEMENTS = Remy/Remy.entitlements;
				CODE_SIGN_STYLE = Automatic;
				CURRENT_PROJECT_VERSION = 1;
				DEVELOPMENT_ASSET_PATHS = "\"Remy/Preview Content\"";
				DEVELOPMENT_TEAM = Y483XQUDGK;
				ENABLE_PREVIEWS = YES;
				GENERATE_INFOPLIST_FILE = YES;
				INFOPLIST_FILE = Remy/Info.plist;
				INFOPLIST_KEY_NSBluetoothAlwaysUsageDescription = "This app uses Bluetooth for pairing peripheral devices";
				INFOPLIST_KEY_UIApplicationSceneManifest_Generation = YES;
				INFOPLIST_KEY_UIApplicationSupportsIndirectInputEvents = YES;
				INFOPLIST_KEY_UILaunchScreen_Generation = YES;
				INFOPLIST_KEY_UISupportedInterfaceOrientations = UIInterfaceOrientationPortrait;
				INFOPLIST_KEY_UISupportedInterfaceOrientations_iPad = "UIInterfaceOrientationPortrait UIInterfaceOrientationPortraitUpsideDown UIInterfaceOrientationLandscapeRight";
				INFOPLIST_KEY_UISupportedInterfaceOrientations_iPhone = UIInterfaceOrientationPortrait;
				LD_RUNPATH_SEARCH_PATHS = (
					"$(inherited)",
					"@executable_path/Frameworks",
				);
				MARKETING_VERSION = 0.0.1;
				PRODUCT_BUNDLE_IDENTIFIER = com.Peach.Remy;
				PRODUCT_NAME = "$(TARGET_NAME)";
				SWIFT_EMIT_LOC_STRINGS = YES;
				SWIFT_VERSION = 5.0;
				TARGETED_DEVICE_FAMILY = "1,2";
			};
			name = Release;
		};
		B84801842746DBDE00B66439 /* Debug */ = {
			isa = XCBuildConfiguration;
			buildSettings = {
				ALWAYS_EMBED_SWIFT_STANDARD_LIBRARIES = YES;
				BUNDLE_LOADER = "$(TEST_HOST)";
				CODE_SIGN_STYLE = Automatic;
				CURRENT_PROJECT_VERSION = 1;
				GENERATE_INFOPLIST_FILE = YES;
				IPHONEOS_DEPLOYMENT_TARGET = 15.0;
				LD_RUNPATH_SEARCH_PATHS = (
					"$(inherited)",
					"@executable_path/Frameworks",
					"@loader_path/Frameworks",
				);
				MARKETING_VERSION = 1.0;
				PRODUCT_BUNDLE_IDENTIFIER = Peach.RemyTests;
				PRODUCT_NAME = "$(TARGET_NAME)";
				SWIFT_EMIT_LOC_STRINGS = NO;
				SWIFT_VERSION = 5.0;
				TARGETED_DEVICE_FAMILY = "1,2";
				TEST_HOST = "$(BUILT_PRODUCTS_DIR)/Remy.app/Remy";
			};
			name = Debug;
		};
		B84801852746DBDE00B66439 /* Release */ = {
			isa = XCBuildConfiguration;
			buildSettings = {
				ALWAYS_EMBED_SWIFT_STANDARD_LIBRARIES = YES;
				BUNDLE_LOADER = "$(TEST_HOST)";
				CODE_SIGN_STYLE = Automatic;
				CURRENT_PROJECT_VERSION = 1;
				GENERATE_INFOPLIST_FILE = YES;
				IPHONEOS_DEPLOYMENT_TARGET = 15.0;
				LD_RUNPATH_SEARCH_PATHS = (
					"$(inherited)",
					"@executable_path/Frameworks",
					"@loader_path/Frameworks",
				);
				MARKETING_VERSION = 1.0;
				PRODUCT_BUNDLE_IDENTIFIER = Peach.RemyTests;
				PRODUCT_NAME = "$(TARGET_NAME)";
				SWIFT_EMIT_LOC_STRINGS = NO;
				SWIFT_VERSION = 5.0;
				TARGETED_DEVICE_FAMILY = "1,2";
				TEST_HOST = "$(BUILT_PRODUCTS_DIR)/Remy.app/Remy";
			};
			name = Release;
		};
		B84801872746DBDE00B66439 /* Debug */ = {
			isa = XCBuildConfiguration;
			buildSettings = {
				ALWAYS_EMBED_SWIFT_STANDARD_LIBRARIES = YES;
				CODE_SIGN_STYLE = Automatic;
				CURRENT_PROJECT_VERSION = 1;
				GENERATE_INFOPLIST_FILE = YES;
				LD_RUNPATH_SEARCH_PATHS = (
					"$(inherited)",
					"@executable_path/Frameworks",
					"@loader_path/Frameworks",
				);
				MARKETING_VERSION = 1.0;
				PRODUCT_BUNDLE_IDENTIFIER = Peach.RemyUITests;
				PRODUCT_NAME = "$(TARGET_NAME)";
				SWIFT_EMIT_LOC_STRINGS = NO;
				SWIFT_VERSION = 5.0;
				TARGETED_DEVICE_FAMILY = "1,2";
				TEST_TARGET_NAME = Remy;
			};
			name = Debug;
		};
		B84801882746DBDE00B66439 /* Release */ = {
			isa = XCBuildConfiguration;
			buildSettings = {
				ALWAYS_EMBED_SWIFT_STANDARD_LIBRARIES = YES;
				CODE_SIGN_STYLE = Automatic;
				CURRENT_PROJECT_VERSION = 1;
				GENERATE_INFOPLIST_FILE = YES;
				LD_RUNPATH_SEARCH_PATHS = (
					"$(inherited)",
					"@executable_path/Frameworks",
					"@loader_path/Frameworks",
				);
				MARKETING_VERSION = 1.0;
				PRODUCT_BUNDLE_IDENTIFIER = Peach.RemyUITests;
				PRODUCT_NAME = "$(TARGET_NAME)";
				SWIFT_EMIT_LOC_STRINGS = NO;
				SWIFT_VERSION = 5.0;
				TARGETED_DEVICE_FAMILY = "1,2";
				TEST_TARGET_NAME = Remy;
			};
			name = Release;
		};
/* End XCBuildConfiguration section */

/* Begin XCConfigurationList section */
		B84801522746DBDD00B66439 /* Build configuration list for PBXProject "Remy" */ = {
			isa = XCConfigurationList;
			buildConfigurations = (
				B848017E2746DBDE00B66439 /* Debug */,
				B848017F2746DBDE00B66439 /* Release */,
			);
			defaultConfigurationIsVisible = 0;
			defaultConfigurationName = Release;
		};
		B84801802746DBDE00B66439 /* Build configuration list for PBXNativeTarget "Remy" */ = {
			isa = XCConfigurationList;
			buildConfigurations = (
				B84801812746DBDE00B66439 /* Debug */,
				B84801822746DBDE00B66439 /* Release */,
			);
			defaultConfigurationIsVisible = 0;
			defaultConfigurationName = Release;
		};
		B84801832746DBDE00B66439 /* Build configuration list for PBXNativeTarget "RemyTests" */ = {
			isa = XCConfigurationList;
			buildConfigurations = (
				B84801842746DBDE00B66439 /* Debug */,
				B84801852746DBDE00B66439 /* Release */,
			);
			defaultConfigurationIsVisible = 0;
			defaultConfigurationName = Release;
		};
		B84801862746DBDE00B66439 /* Build configuration list for PBXNativeTarget "RemyUITests" */ = {
			isa = XCConfigurationList;
			buildConfigurations = (
				B84801872746DBDE00B66439 /* Debug */,
				B84801882746DBDE00B66439 /* Release */,
			);
			defaultConfigurationIsVisible = 0;
			defaultConfigurationName = Release;
		};
/* End XCConfigurationList section */

/* Begin XCRemoteSwiftPackageReference section */
		B8D44A90277F9E4600EA7A2A /* XCRemoteSwiftPackageReference "SimpleChart" */ = {
			isa = XCRemoteSwiftPackageReference;
			repositoryURL = "git@github.com:ImpostersLimited/SimpleChart.git";
			requirement = {
				kind = upToNextMajorVersion;
				minimumVersion = 1.0.0;
			};
		};
/* End XCRemoteSwiftPackageReference section */

/* Begin XCSwiftPackageProductDependency section */
		B8D44A91277F9E4600EA7A2A /* SimpleChart */ = {
			isa = XCSwiftPackageProductDependency;
			package = B8D44A90277F9E4600EA7A2A /* XCRemoteSwiftPackageReference "SimpleChart" */;
			productName = SimpleChart;
		};
/* End XCSwiftPackageProductDependency section */

/* Begin XCVersionGroup section */
		B84801652746DBDE00B66439 /* Remy.xcdatamodeld */ = {
			isa = XCVersionGroup;
			children = (
				B84801662746DBDE00B66439 /* Remy.xcdatamodel */,
			);
			currentVersion = B84801662746DBDE00B66439 /* Remy.xcdatamodel */;
			path = Remy.xcdatamodeld;
			sourceTree = "<group>";
			versionGroupType = wrapper.xcdatamodel;
		};
/* End XCVersionGroup section */
	};
	rootObject = B848014F2746DBDD00B66439 /* Project object */;
}
